
Microsoft Visual Studio Solution File, Format Version 12.00
# Visual Studio 14
VisualStudioVersion = 14.0.24720.0
MinimumVisualStudioVersion = 10.0.40219.1
Project("{FAE04EC0-301F-11D3-BF4B-00C04F79EFBC}") = "OrderEntrySystem", "OrderEntrySystem\OrderEntrySystem.csproj", "{299C59BF-0107-4B15-BFE0-6A5209A2CA41}"
EndProject
Project("{FAE04EC0-301F-11D3-BF4B-00C04F79EFBC}") = "OrderEntryEngine", "OrderEntryEngine\OrderEntryEngine.csproj", "{EF9B0122-10EF-419E-859F-6E7552081F1C}"
EndProject
Project("{FAE04EC0-301F-11D3-BF4B-00C04F79EFBC}") = "OrderEntryDataAccess", "OrderEntryDataAccess\OrderEntryDataAccess.csproj", "{2D4F6CEA-0BE0-49FB-8E6C-BFE380772BF8}"
EndProject
Global
	GlobalSection(SolutionConfigurationPlatforms) = preSolution
		Debug|Any CPU = Debug|Any CPU
		Release|Any CPU = Release|Any CPU
	EndGlobalSection
	GlobalSection(ProjectConfigurationPlatforms) = postSolution
		{299C59BF-0107-4B15-BFE0-6A5209A2CA41}.Debug|Any CPU.ActiveCfg = Debug|Any CPU
		{299C59BF-0107-4B15-BFE0-6A5209A2CA41}.Debug|Any CPU.Build.0 = Debug|Any CPU
		{299C59BF-0107-4B15-BFE0-6A5209A2CA41}.Release|Any CPU.ActiveCfg = Release|Any CPU
		{299C59BF-0107-4B15-BFE0-6A5209A2CA41}.Release|Any CPU.Build.0 = Release|Any CPU
		{EF9B0122-10EF-419E-859F-6E7552081F1C}.Debug|Any CPU.ActiveCfg = Debug|Any CPU
		{EF9B0122-10EF-419E-859F-6E7552081F1C}.Debug|Any CPU.Build.0 = Debug|Any CPU
		{EF9B0122-10EF-419E-859F-6E7552081F1C}.Release|Any CPU.ActiveCfg = Release|Any CPU
		{EF9B0122-10EF-419E-859F-6E7552081F1C}.Release|Any CPU.Build.0 = Release|Any CPU
		{2D4F6CEA-0BE0-49FB-8E6C-BFE380772BF8}.Debug|Any CPU.ActiveCfg = Debug|Any CPU
		{2D4F6CEA-0BE0-49FB-8E6C-BFE380772BF8}.Debug|Any CPU.Build.0 = Debug|Any CPU
		{2D4F6CEA-0BE0-49FB-8E6C-BFE380772BF8}.Release|Any CPU.ActiveCfg = Release|Any CPU
		{2D4F6CEA-0BE0-49FB-8E6C-BFE380772BF8}.Release|Any CPU.Build.0 = Release|Any CPU
	EndGlobalSection
	GlobalSection(SolutionProperties) = preSolution
		HideSolutionNode = FALSE
	EndGlobalSection
EndGlobal
